// !$*UTF8*$!
{
	archiveVersion = 1;
	classes = {
	};
	objectVersion = 46;
	objects = {

/* Begin PBXBuildFile section */
		8B2B70061DD6699A0063B669 /* AppDelegate.swift in Sources */ = {isa = PBXBuildFile; fileRef = 8B2B70051DD6699A0063B669 /* AppDelegate.swift */; };
		8B2B700B1DD6699A0063B669 /* Main.storyboard in Resources */ = {isa = PBXBuildFile; fileRef = 8B2B70091DD6699A0063B669 /* Main.storyboard */; };
		8B2B700D1DD6699A0063B669 /* Assets.xcassets in Resources */ = {isa = PBXBuildFile; fileRef = 8B2B700C1DD6699A0063B669 /* Assets.xcassets */; };
		8B2B70101DD6699A0063B669 /* LaunchScreen.storyboard in Resources */ = {isa = PBXBuildFile; fileRef = 8B2B700E1DD6699A0063B669 /* LaunchScreen.storyboard */; };
		8B2B701B1DD6699B0063B669 /* AbercrombieTests.swift in Sources */ = {isa = PBXBuildFile; fileRef = 8B2B701A1DD6699B0063B669 /* AbercrombieTests.swift */; };
		8B2B70261DD66EA50063B669 /* AbMainTableViewController.swift in Sources */ = {isa = PBXBuildFile; fileRef = 8B2B70251DD66EA50063B669 /* AbMainTableViewController.swift */; };
		8B33599F1DD680CB00C28225 /* dataModel.swift in Sources */ = {isa = PBXBuildFile; fileRef = 8B33599E1DD680CB00C28225 /* dataModel.swift */; };
		8B3359A11DD7FB6E00C28225 /* defaultImage.png in Resources */ = {isa = PBXBuildFile; fileRef = 8B3359A01DD7FB6E00C28225 /* defaultImage.png */; };
		8BA90D9F1DD67C2000A97F74 /* ABTableViewCell.swift in Sources */ = {isa = PBXBuildFile; fileRef = 8BA90D9E1DD67C2000A97F74 /* ABTableViewCell.swift */; };
/* End PBXBuildFile section */

/* Begin PBXContainerItemProxy section */
		8B2B70171DD6699B0063B669 /* PBXContainerItemProxy */ = {
			isa = PBXContainerItemProxy;
			containerPortal = 8B2B6FFA1DD6699A0063B669 /* Project object */;
			proxyType = 1;
			remoteGlobalIDString = 8B2B70011DD6699A0063B669;
			remoteInfo = Abercrombie;
		};
/* End PBXContainerItemProxy section */

/* Begin PBXFileReference section */
		8B2B70021DD6699A0063B669 /* Abercrombie.app */ = {isa = PBXFileReference; explicitFileType = wrapper.application; includeInIndex = 0; path = Abercrombie.app; sourceTree = BUILT_PRODUCTS_DIR; };
		8B2B70051DD6699A0063B669 /* AppDelegate.swift */ = {isa = PBXFileReference; lastKnownFileType = sourcecode.swift; path = AppDelegate.swift; sourceTree = "<group>"; };
		8B2B700A1DD6699A0063B669 /* Base */ = {isa = PBXFileReference; lastKnownFileType = file.storyboard; name = Base; path = Base.lproj/Main.storyboard; sourceTree = "<group>"; };
		8B2B700C1DD6699A0063B669 /* Assets.xcassets */ = {isa = PBXFileReference; lastKnownFileType = folder.assetcatalog; path = Assets.xcassets; sourceTree = "<group>"; };
		8B2B700F1DD6699A0063B669 /* Base */ = {isa = PBXFileReference; lastKnownFileType = file.storyboard; name = Base; path = Base.lproj/LaunchScreen.storyboard; sourceTree = "<group>"; };
		8B2B70111DD6699B0063B669 /* Info.plist */ = {isa = PBXFileReference; lastKnownFileType = text.plist.xml; path = Info.plist; sourceTree = "<group>"; };
		8B2B70161DD6699B0063B669 /* AbercrombieTests.xctest */ = {isa = PBXFileReference; explicitFileType = wrapper.cfbundle; includeInIndex = 0; path = AbercrombieTests.xctest; sourceTree = BUILT_PRODUCTS_DIR; };
		8B2B701A1DD6699B0063B669 /* AbercrombieTests.swift */ = {isa = PBXFileReference; lastKnownFileType = sourcecode.swift; path = AbercrombieTests.swift; sourceTree = "<group>"; };
		8B2B701C1DD6699B0063B669 /* Info.plist */ = {isa = PBXFileReference; lastKnownFileType = text.plist.xml; path = Info.plist; sourceTree = "<group>"; };
		8B2B70251DD66EA50063B669 /* AbMainTableViewController.swift */ = {isa = PBXFileReference; fileEncoding = 4; lastKnownFileType = sourcecode.swift; path = AbMainTableViewController.swift; sourceTree = "<group>"; };
		8B33599E1DD680CB00C28225 /* dataModel.swift */ = {isa = PBXFileReference; fileEncoding = 4; lastKnownFileType = sourcecode.swift; path = dataModel.swift; sourceTree = "<group>"; };
		8B3359A01DD7FB6E00C28225 /* defaultImage.png */ = {isa = PBXFileReference; lastKnownFileType = image.png; path = defaultImage.png; sourceTree = "<group>"; };
		8BA90D9E1DD67C2000A97F74 /* ABTableViewCell.swift */ = {isa = PBXFileReference; fileEncoding = 4; lastKnownFileType = sourcecode.swift; path = ABTableViewCell.swift; sourceTree = "<group>"; };
/* End PBXFileReference section */

/* Begin PBXFrameworksBuildPhase section */
		8B2B6FFF1DD6699A0063B669 /* Frameworks */ = {
			isa = PBXFrameworksBuildPhase;
			buildActionMask = 2147483647;
			files = (
			);
			runOnlyForDeploymentPostprocessing = 0;
		};
		8B2B70131DD6699B0063B669 /* Frameworks */ = {
			isa = PBXFrameworksBuildPhase;
			buildActionMask = 2147483647;
			files = (
			);
			runOnlyForDeploymentPostprocessing = 0;
		};
/* End PBXFrameworksBuildPhase section */

/* Begin PBXGroup section */
		8B2B6FF91DD6699A0063B669 = {
			isa = PBXGroup;
			children = (
				8B3359A01DD7FB6E00C28225 /* defaultImage.png */,
				8B2B70041DD6699A0063B669 /* Abercrombie */,
				8B2B70191DD6699B0063B669 /* AbercrombieTests */,
				8B2B70031DD6699A0063B669 /* Products */,
			);
			sourceTree = "<group>";
		};
		8B2B70031DD6699A0063B669 /* Products */ = {
			isa = PBXGroup;
			children = (
				8B2B70021DD6699A0063B669 /* Abercrombie.app */,
				8B2B70161DD6699B0063B669 /* AbercrombieTests.xctest */,
			);
			name = Products;
			sourceTree = "<group>";
		};
		8B2B70041DD6699A0063B669 /* Abercrombie */ = {
			isa = PBXGroup;
			children = (
				8B2B70051DD6699A0063B669 /* AppDelegate.swift */,
				8B2B70091DD6699A0063B669 /* Main.storyboard */,
				8B2B700C1DD6699A0063B669 /* Assets.xcassets */,
				8B2B700E1DD6699A0063B669 /* LaunchScreen.storyboard */,
				8B2B70111DD6699B0063B669 /* Info.plist */,
				8B2B70251DD66EA50063B669 /* AbMainTableViewController.swift */,
				8BA90D9E1DD67C2000A97F74 /* ABTableViewCell.swift */,
				8B33599E1DD680CB00C28225 /* dataModel.swift */,
			);
			path = Abercrombie;
			sourceTree = "<group>";
		};
		8B2B70191DD6699B0063B669 /* AbercrombieTests */ = {
			isa = PBXGroup;
			children = (
				8B2B701A1DD6699B0063B669 /* AbercrombieTests.swift */,
				8B2B701C1DD6699B0063B669 /* Info.plist */,
			);
			path = AbercrombieTests;
			sourceTree = "<group>";
		};
/* End PBXGroup section */

/* Begin PBXNativeTarget section */
		8B2B70011DD6699A0063B669 /* Abercrombie */ = {
			isa = PBXNativeTarget;
			buildConfigurationList = 8B2B701F1DD6699B0063B669 /* Build configuration list for PBXNativeTarget "Abercrombie" */;
			buildPhases = (
				8B2B6FFE1DD6699A0063B669 /* Sources */,
				8B2B6FFF1DD6699A0063B669 /* Frameworks */,
				8B2B70001DD6699A0063B669 /* Resources */,
			);
			buildRules = (
			);
			dependencies = (
			);
			name = Abercrombie;
			productName = Abercrombie;
			productReference = 8B2B70021DD6699A0063B669 /* Abercrombie.app */;
			productType = "com.apple.product-type.application";
		};
		8B2B70151DD6699B0063B669 /* AbercrombieTests */ = {
			isa = PBXNativeTarget;
			buildConfigurationList = 8B2B70221DD6699B0063B669 /* Build configuration list for PBXNativeTarget "AbercrombieTests" */;
			buildPhases = (
				8B2B70121DD6699B0063B669 /* Sources */,
				8B2B70131DD6699B0063B669 /* Frameworks */,
				8B2B70141DD6699B0063B669 /* Resources */,
			);
			buildRules = (
			);
			dependencies = (
				8B2B70181DD6699B0063B669 /* PBXTargetDependency */,
			);
			name = AbercrombieTests;
			productName = AbercrombieTests;
			productReference = 8B2B70161DD6699B0063B669 /* AbercrombieTests.xctest */;
			productType = "com.apple.product-type.bundle.unit-test";
		};
/* End PBXNativeTarget section */

/* Begin PBXProject section */
		8B2B6FFA1DD6699A0063B669 /* Project object */ = {
			isa = PBXProject;
			attributes = {
				LastSwiftUpdateCheck = 0730;
				LastUpgradeCheck = 0730;
				ORGANIZATIONNAME = "Varun GuptaAbercrombie";
				TargetAttributes = {
					8B2B70011DD6699A0063B669 = {
						CreatedOnToolsVersion = 7.3.1;
					};
					8B2B70151DD6699B0063B669 = {
						CreatedOnToolsVersion = 7.3.1;
						TestTargetID = 8B2B70011DD6699A0063B669;
					};
				};
			};
			buildConfigurationList = 8B2B6FFD1DD6699A0063B669 /* Build configuration list for PBXProject "Abercrombie" */;
			compatibilityVersion = "Xcode 3.2";
			developmentRegion = English;
			hasScannedForEncodings = 0;
			knownRegions = (
				en,
				Base,
			);
			mainGroup = 8B2B6FF91DD6699A0063B669;
			productRefGroup = 8B2B70031DD6699A0063B669 /* Products */;
			projectDirPath = "";
			projectRoot = "";
			targets = (
				8B2B70011DD6699A0063B669 /* Abercrombie */,
				8B2B70151DD6699B0063B669 /* AbercrombieTests */,
			);
		};
/* End PBXProject section */

/* Begin PBXResourcesBuildPhase section */
		8B2B70001DD6699A0063B669 /* Resources */ = {
			isa = PBXResourcesBuildPhase;
			buildActionMask = 2147483647;
			files = (
				8B2B70101DD6699A0063B669 /* LaunchScreen.storyboard in Resources */,
				8B2B700D1DD6699A0063B669 /* Assets.xcassets in Resources */,
				8B2B700B1DD6699A0063B669 /* Main.storyboard in Resources */,
				8B3359A11DD7FB6E00C28225 /* defaultImage.png in Resources */,
			);
			runOnlyForDeploymentPostprocessing = 0;
		};
		8B2B70141DD6699B0063B669 /* Resources */ = {
			isa = PBXResourcesBuildPhase;
			buildActionMask = 2147483647;
			files = (
			);
			runOnlyForDeploymentPostprocessing = 0;
		};
/* End PBXResourcesBuildPhase section */

/* Begin PBXSourcesBuildPhase section */
		8B2B6FFE1DD6699A0063B669 /* Sources */ = {
			isa = PBXSourcesBuildPhase;
			buildActionMask = 2147483647;
			files = (
				8B2B70261DD66EA50063B669 /* AbMainTableViewController.swift in Sources */,
				8BA90D9F1DD67C2000A97F74 /* ABTableViewCell.swift in Sources */,
				8B33599F1DD680CB00C28225 /* dataModel.swift in Sources */,
				8B2B70061DD6699A0063B669 /* AppDelegate.swift in Sources */,
			);
			runOnlyForDeploymentPostprocessing = 0;
		};
		8B2B70121DD6699B0063B669 /* Sources */ = {
			isa = PBXSourcesBuildPhase;
			buildActionMask = 2147483647;
			files = (
				8B2B701B1DD6699B0063B669 /* AbercrombieTests.swift in Sources */,
			);
			runOnlyForDeploymentPostprocessing = 0;
		};
/* End PBXSourcesBuildPhase section */

/* Begin PBXTargetDependency section */
		8B2B70181DD6699B0063B669 /* PBXTargetDependency */ = {
			isa = PBXTargetDependency;
			target = 8B2B70011DD6699A0063B669 /* Abercrombie */;
			targetProxy = 8B2B70171DD6699B0063B669 /* PBXContainerItemProxy */;
		};
/* End PBXTargetDependency section */

/* Begin PBXVariantGroup section */
		8B2B70091DD6699A0063B669 /* Main.storyboard */ = {
			isa = PBXVariantGroup;
			children = (
				8B2B700A1DD6699A0063B669 /* Base */,
			);
			name = Main.storyboard;
			sourceTree = "<group>";
		};
		8B2B700E1DD6699A0063B669 /* LaunchScreen.storyboard */ = {
			isa = PBXVariantGroup;
			children = (
				8B2B700F1DD6699A0063B669 /* Base */,
			);
			name = LaunchScreen.storyboard;
			sourceTree = "<group>";
		};
/* End PBXVariantGroup section */

/* Begin XCBuildConfiguration section */
		8B2B701D1DD6699B0063B669 /* Debug */ = {
			isa = XCBuildConfiguration;
			buildSettings = {
				ALWAYS_SEARCH_USER_PATHS = NO;
				CLANG_ANALYZER_NONNULL = YES;
				CLANG_CXX_LANGUAGE_STANDARD = "gnu++0x";
				CLANG_CXX_LIBRARY = "libc++";
				CLANG_ENABLE_MODULES = YES;
				CLANG_ENABLE_OBJC_ARC = YES;
				CLANG_WARN_BOOL_CONVERSION = YES;
				CLANG_WARN_CONSTANT_CONVERSION = YES;
				CLANG_WARN_DIRECT_OBJC_ISA_USAGE = YES_ERROR;
				CLANG_WARN_EMPTY_BODY = YES;
				CLANG_WARN_ENUM_CONVERSION = YES;
				CLANG_WARN_INT_CONVERSION = YES;
				CLANG_WARN_OBJC_ROOT_CLASS = YES_ERROR;
				CLANG_WARN_UNREACHABLE_CODE = YES;
				CLANG_WARN__DUPLICATE_METHOD_MATCH = YES;
				"CODE_SIGN_IDENTITY[sdk=iphoneos*]" = "iPhone Developer";
				COPY_PHASE_STRIP = NO;
				DEBUG_INFORMATION_FORMAT = dwarf;
				ENABLE_STRICT_OBJC_MSGSEND = YES;
				ENABLE_TESTABILITY = YES;
				GCC_C_LANGUAGE_STANDARD = gnu99;
				GCC_DYNAMIC_NO_PIC = NO;
				GCC_NO_COMMON_BLOCKS = YES;
				GCC_OPTIMIZATION_LEVEL = 0;
				GCC_PREPROCESSOR_DEFINITIONS = (
					"DEBUG=1",
					"$(inherited)",
				);
				GCC_WARN_64_TO_32_BIT_CONVERSION = YES;
				GCC_WARN_ABOUT_RETURN_TYPE = YES_ERROR;
				GCC_WARN_UNDECLARED_SELECTOR = YES;
				GCC_WARN_UNINITIALIZED_AUTOS = YES_AGGRESSIVE;
				GCC_WARN_UNUSED_FUNCTION = YES;
				GCC_WARN_UNUSED_VARIABLE = YES;
				IPHONEOS_DEPLOYMENT_TARGET = 9.3;
				MTL_ENABLE_DEBUG_INFO = YES;
				ONLY_ACTIVE_ARCH = YES;
				SDKROOT = iphoneos;
				SWIFT_OPTIMIZATION_LEVEL = "-Onone";
			};
			name = Debug;
		};
		8B2B701E1DD6699B0063B669 /* Release */ = {
			isa = XCBuildConfiguration;
			buildSettings = {
				ALWAYS_SEARCH_USER_PATHS = NO;
				CLANG_ANALYZER_NONNULL = YES;
				CLANG_CXX_LANGUAGE_STANDARD = "gnu++0x";
				CLANG_CXX_LIBRARY = "libc++";
				CLANG_ENABLE_MODULES = YES;
				CLANG_ENABLE_OBJC_ARC = YES;
				CLANG_WARN_BOOL_CONVERSION = YES;
				CLANG_WARN_CONSTANT_CONVERSION = YES;
				CLANG_WARN_DIRECT_OBJC_ISA_USAGE = YES_ERROR;
				CLANG_WARN_EMPTY_BODY = YES;
				CLANG_WARN_ENUM_CONVERSION = YES;
				CLANG_WARN_INT_CONVERSION = YES;
				CLANG_WARN_OBJC_ROOT_CLASS = YES_ERROR;
				CLANG_WARN_UNREACHABLE_CODE = YES;
				CLANG_WARN__DUPLICATE_METHOD_MATCH = YES;
				"CODE_SIGN_IDENTITY[sdk=iphoneos*]" = "iPhone Developer";
				COPY_PHASE_STRIP = NO;
				DEBUG_INFORMATION_FORMAT = "dwarf-with-dsym";
				ENABLE_NS_ASSERTIONS = NO;
				ENABLE_STRICT_OBJC_MSGSEND = YES;
				GCC_C_LANGUAGE_STANDARD = gnu99;
				GCC_NO_COMMON_BLOCKS = YES;
				GCC_WARN_64_TO_32_BIT_CONVERSION = YES;
				GCC_WARN_ABOUT_RETURN_TYPE = YES_ERROR;
				GCC_WARN_UNDECLARED_SELECTOR = YES;
				GCC_WARN_UNINITIALIZED_AUTOS = YES_AGGRESSIVE;
				GCC_WARN_UNUSED_FUNCTION = YES;
				GCC_WARN_UNUSED_VARIABLE = YES;
				IPHONEOS_DEPLOYMENT_TARGET = 9.3;
				MTL_ENABLE_DEBUG_INFO = NO;
				SDKROOT = iphoneos;
				VALIDATE_PRODUCT = YES;
			};
			name = Release;
		};
		8B2B70201DD6699B0063B669 /* Debug */ = {
			isa = XCBuildConfiguration;
			buildSettings = {
				ASSETCATALOG_COMPILER_APPICON_NAME = AppIcon;
				INFOPLIST_FILE = Abercrombie/Info.plist;
				LD_RUNPATH_SEARCH_PATHS = "$(inherited) @executable_path/Frameworks";
				PRODUCT_BUNDLE_IDENTIFIER = com.Abercrombie.co.Abercrombie;
				PRODUCT_NAME = "$(TARGET_NAME)";
			};
			name = Debug;
		};
		8B2B70211DD6699B0063B669 /* Release */ = {
			isa = XCBuildConfiguration;
			buildSettings = {
				ASSETCATALOG_COMPILER_APPICON_NAME = AppIcon;
				INFOPLIST_FILE = Abercrombie/Info.plist;
				LD_RUNPATH_SEARCH_PATHS = "$(inherited) @executable_path/Frameworks";
				PRODUCT_BUNDLE_IDENTIFIER = com.Abercrombie.co.Abercrombie;
				PRODUCT_NAME = "$(TARGET_NAME)";
			};
			name = Release;
		};
		8B2B70231DD6699B0063B669 /* Debug */ = {
			isa = XCBuildConfiguration;
			buildSettings = {
				BUNDLE_LOADER = "$(TEST_HOST)";
				INFOPLIST_FILE = AbercrombieTests/Info.plist;
				LD_RUNPATH_SEARCH_PATHS = "$(inherited) @executable_path/Frameworks @loader_path/Frameworks";
				PRODUCT_BUNDLE_IDENTIFIER = com.Abercrombie.co.AbercrombieTests;
				PRODUCT_NAME = "$(TARGET_NAME)";
				TEST_HOST = "$(BUILT_PRODUCTS_DIR)/Abercrombie.app/Abercrombie";
			};
			name = Debug;
		};
		8B2B70241DD6699B0063B669 /* Release */ = {
			isa = XCBuildConfiguration;
			buildSettings = {
				BUNDLE_LOADER = "$(TEST_HOST)";
				INFOPLIST_FILE = AbercrombieTests/Info.plist;
				LD_RUNPATH_SEARCH_PATHS = "$(inherited) @executable_path/Frameworks @loader_path/Frameworks";
				PRODUCT_BUNDLE_IDENTIFIER = com.Abercrombie.co.AbercrombieTests;
				PRODUCT_NAME = "$(TARGET_NAME)";
				TEST_HOST = "$(BUILT_PRODUCTS_DIR)/Abercrombie.app/Abercrombie";
			};
			name = Release;
		};
/* End XCBuildConfiguration section */

/* Begin XCConfigurationList section */
		8B2B6FFD1DD6699A0063B669 /* Build configuration list for PBXProject "Abercrombie" */ = {
			isa = XCConfigurationList;
			buildConfigurations = (
				8B2B701D1DD6699B0063B669 /* Debug */,
				8B2B701E1DD6699B0063B669 /* Release */,
			);
			defaultConfigurationIsVisible = 0;
			defaultConfigurationName = Release;
		};
		8B2B701F1DD6699B0063B669 /* Build configuration list for PBXNativeTarget "Abercrombie" */ = {
			isa = XCConfigurationList;
			buildConfigurations = (
				8B2B70201DD6699B0063B669 /* Debug */,
				8B2B70211DD6699B0063B669 /* Release */,
			);
			defaultConfigurationIsVisible = 0;
			defaultConfigurationName = Release;
		};
		8B2B70221DD6699B0063B669 /* Build configuration list for PBXNativeTarget "AbercrombieTests" */ = {
			isa = XCConfigurationList;
			buildConfigurations = (
				8B2B70231DD6699B0063B669 /* Debug */,
				8B2B70241DD6699B0063B669 /* Release */,
			);
			defaultConfigurationIsVisible = 0;
			defaultConfigurationName = Release;
		};
/* End XCConfigurationList section */
	};
	rootObject = 8B2B6FFA1DD6699A0063B669 /* Project object */;
}
